
Microsoft Visual Studio Solution File, Format Version 12.00
# Visual Studio Version 17
VisualStudioVersion = 17.9.34616.47
MinimumVisualStudioVersion = 10.0.40219.1
Project("{FAE04EC0-301F-11D3-BF4B-00C04F79EFBC}") = "uploader", "uploader.csproj", "{8220960A-BC66-4F85-A34D-9082B7A6D3E2}"
EndProject
Global
	GlobalSection(SolutionConfigurationPlatforms) = preSolution
		Debug|Any CPU = Debug|Any CPU
		Release|Any CPU = Release|Any CPU
	EndGlobalSection
	GlobalSection(ProjectConfigurationPlatforms) = postSolution
		{8220960A-BC66-4F85-A34D-9082B7A6D3E2}.Debug|Any CPU.ActiveCfg = Debug|Any CPU
		{8220960A-BC66-4F85-A34D-9082B7A6D3E2}.Debug|Any CPU.Build.0 = Debug|Any CPU
		{8220960A-BC66-4F85-A34D-9082B7A6D3E2}.Release|Any CPU.ActiveCfg = Release|Any CPU
		{8220960A-BC66-4F85-A34D-9082B7A6D3E2}.Release|Any CPU.Build.0 = Release|Any CPU
	EndGlobalSection
	GlobalSection(SolutionProperties) = preSolution
		HideSolutionNode = FALSE
	EndGlobalSection
	GlobalSection(ExtensibilityGlobals) = postSolution
		SolutionGuid = {D0479953-744D-4C4D-9D70-CF3CEEC9168B}
	EndGlobalSection
EndGlobal
